
Microsoft Visual Studio Solution File, Format Version 12.00
# Visual Studio Version 17
VisualStudioVersion = 17.0.31903.59
MinimumVisualStudioVersion = 10.0.40219.1
Project("{FAE04EC0-301F-11D3-BF4B-00C04F79EFBC}") = "Dune.Domain", "Dune.Domain\Dune.Domain.csproj", "{CC49F755-FB0E-40FE-89BA-199240D7E327}"
EndProject
Project("{FAE04EC0-301F-11D3-BF4B-00C04F79EFBC}") = "Dune.SimulationService", "Dune.SimulationService\Dune.SimulationService.csproj", "{36AF8AF4-BE05-4192-A764-2454A8BE415A}"
EndProject
Project("{FAE04EC0-301F-11D3-BF4B-00C04F79EFBC}") = "Dune.PersistenceService", "Dune.PersistenceService\Dune.PersistenceService.csproj", "{4320201F-804B-42D4-956A-A0B26C05B981}"
EndProject
Project("{FAE04EC0-301F-11D3-BF4B-00C04F79EFBC}") = "Dune.AdminClient", "Dune.AdminClient\Dune.AdminClient.csproj", "{87D26D54-C6CF-4AF2-AF3F-77A76DDABBB5}"
EndProject
Project("{FAE04EC0-301F-11D3-BF4B-00C04F79EFBC}") = "Dune.Tests", "Dune.Tests\Dune.Tests.csproj", "{AE3E7092-89E0-476E-9391-94A27BCCC426}"
EndProject
Global
	GlobalSection(SolutionConfigurationPlatforms) = preSolution
		Debug|Any CPU = Debug|Any CPU
		Debug|x64 = Debug|x64
		Debug|x86 = Debug|x86
		Release|Any CPU = Release|Any CPU
		Release|x64 = Release|x64
		Release|x86 = Release|x86
	EndGlobalSection
	GlobalSection(ProjectConfigurationPlatforms) = postSolution
		{CC49F755-FB0E-40FE-89BA-199240D7E327}.Debug|Any CPU.ActiveCfg = Debug|Any CPU
		{CC49F755-FB0E-40FE-89BA-199240D7E327}.Debug|Any CPU.Build.0 = Debug|Any CPU
		{CC49F755-FB0E-40FE-89BA-199240D7E327}.Debug|x64.ActiveCfg = Debug|Any CPU
		{CC49F755-FB0E-40FE-89BA-199240D7E327}.Debug|x64.Build.0 = Debug|Any CPU
		{CC49F755-FB0E-40FE-89BA-199240D7E327}.Debug|x86.ActiveCfg = Debug|Any CPU
		{CC49F755-FB0E-40FE-89BA-199240D7E327}.Debug|x86.Build.0 = Debug|Any CPU
		{CC49F755-FB0E-40FE-89BA-199240D7E327}.Release|Any CPU.ActiveCfg = Release|Any CPU
		{CC49F755-FB0E-40FE-89BA-199240D7E327}.Release|Any CPU.Build.0 = Release|Any CPU
		{CC49F755-FB0E-40FE-89BA-199240D7E327}.Release|x64.ActiveCfg = Release|Any CPU
		{CC49F755-FB0E-40FE-89BA-199240D7E327}.Release|x64.Build.0 = Release|Any CPU
		{CC49F755-FB0E-40FE-89BA-199240D7E327}.Release|x86.ActiveCfg = Release|Any CPU
		{CC49F755-FB0E-40FE-89BA-199240D7E327}.Release|x86.Build.0 = Release|Any CPU
		{36AF8AF4-BE05-4192-A764-2454A8BE415A}.Debug|Any CPU.ActiveCfg = Debug|Any CPU
		{36AF8AF4-BE05-4192-A764-2454A8BE415A}.Debug|Any CPU.Build.0 = Debug|Any CPU
		{36AF8AF4-BE05-4192-A764-2454A8BE415A}.Debug|x64.ActiveCfg = Debug|Any CPU
		{36AF8AF4-BE05-4192-A764-2454A8BE415A}.Debug|x64.Build.0 = Debug|Any CPU
		{36AF8AF4-BE05-4192-A764-2454A8BE415A}.Debug|x86.ActiveCfg = Debug|Any CPU
		{36AF8AF4-BE05-4192-A764-2454A8BE415A}.Debug|x86.Build.0 = Debug|Any CPU
		{36AF8AF4-BE05-4192-A764-2454A8BE415A}.Release|Any CPU.ActiveCfg = Release|Any CPU
		{36AF8AF4-BE05-4192-A764-2454A8BE415A}.Release|Any CPU.Build.0 = Release|Any CPU
		{36AF8AF4-BE05-4192-A764-2454A8BE415A}.Release|x64.ActiveCfg = Release|Any CPU
		{36AF8AF4-BE05-4192-A764-2454A8BE415A}.Release|x64.Build.0 = Release|Any CPU
		{36AF8AF4-BE05-4192-A764-2454A8BE415A}.Release|x86.ActiveCfg = Release|Any CPU
		{36AF8AF4-BE05-4192-A764-2454A8BE415A}.Release|x86.Build.0 = Release|Any CPU
		{4320201F-804B-42D4-956A-A0B26C05B981}.Debug|Any CPU.ActiveCfg = Debug|Any CPU
		{4320201F-804B-42D4-956A-A0B26C05B981}.Debug|Any CPU.Build.0 = Debug|Any CPU
		{4320201F-804B-42D4-956A-A0B26C05B981}.Debug|x64.ActiveCfg = Debug|Any CPU
		{4320201F-804B-42D4-956A-A0B26C05B981}.Debug|x64.Build.0 = Debug|Any CPU
		{4320201F-804B-42D4-956A-A0B26C05B981}.Debug|x86.ActiveCfg = Debug|Any CPU
		{4320201F-804B-42D4-956A-A0B26C05B981}.Debug|x86.Build.0 = Debug|Any CPU
		{4320201F-804B-42D4-956A-A0B26C05B981}.Release|Any CPU.ActiveCfg = Release|Any CPU
		{4320201F-804B-42D4-956A-A0B26C05B981}.Release|Any CPU.Build.0 = Release|Any CPU
		{4320201F-804B-42D4-956A-A0B26C05B981}.Release|x64.ActiveCfg = Release|Any CPU
		{4320201F-804B-42D4-956A-A0B26C05B981}.Release|x64.Build.0 = Release|Any CPU
		{4320201F-804B-42D4-956A-A0B26C05B981}.Release|x86.ActiveCfg = Release|Any CPU
		{4320201F-804B-42D4-956A-A0B26C05B981}.Release|x86.Build.0 = Release|Any CPU
		{87D26D54-C6CF-4AF2-AF3F-77A76DDABBB5}.Debug|Any CPU.ActiveCfg = Debug|Any CPU
		{87D26D54-C6CF-4AF2-AF3F-77A76DDABBB5}.Debug|Any CPU.Build.0 = Debug|Any CPU
		{87D26D54-C6CF-4AF2-AF3F-77A76DDABBB5}.Debug|x64.ActiveCfg = Debug|Any CPU
		{87D26D54-C6CF-4AF2-AF3F-77A76DDABBB5}.Debug|x64.Build.0 = Debug|Any CPU
		{87D26D54-C6CF-4AF2-AF3F-77A76DDABBB5}.Debug|x86.ActiveCfg = Debug|Any CPU
		{87D26D54-C6CF-4AF2-AF3F-77A76DDABBB5}.Debug|x86.Build.0 = Debug|Any CPU
		{87D26D54-C6CF-4AF2-AF3F-77A76DDABBB5}.Release|Any CPU.ActiveCfg = Release|Any CPU
		{87D26D54-C6CF-4AF2-AF3F-77A76DDABBB5}.Release|Any CPU.Build.0 = Release|Any CPU
		{87D26D54-C6CF-4AF2-AF3F-77A76DDABBB5}.Release|x64.ActiveCfg = Release|Any CPU
		{87D26D54-C6CF-4AF2-AF3F-77A76DDABBB5}.Release|x64.Build.0 = Release|Any CPU
		{87D26D54-C6CF-4AF2-AF3F-77A76DDABBB5}.Release|x86.ActiveCfg = Release|Any CPU
		{87D26D54-C6CF-4AF2-AF3F-77A76DDABBB5}.Release|x86.Build.0 = Release|Any CPU
		{AE3E7092-89E0-476E-9391-94A27BCCC426}.Debug|Any CPU.ActiveCfg = Debug|Any CPU
		{AE3E7092-89E0-476E-9391-94A27BCCC426}.Debug|Any CPU.Build.0 = Debug|Any CPU
		{AE3E7092-89E0-476E-9391-94A27BCCC426}.Debug|x64.ActiveCfg = Debug|Any CPU
		{AE3E7092-89E0-476E-9391-94A27BCCC426}.Debug|x64.Build.0 = Debug|Any CPU
		{AE3E7092-89E0-476E-9391-94A27BCCC426}.Debug|x86.ActiveCfg = Debug|Any CPU
		{AE3E7092-89E0-476E-9391-94A27BCCC426}.Debug|x86.Build.0 = Debug|Any CPU
		{AE3E7092-89E0-476E-9391-94A27BCCC426}.Release|Any CPU.ActiveCfg = Release|Any CPU
		{AE3E7092-89E0-476E-9391-94A27BCCC426}.Release|Any CPU.Build.0 = Release|Any CPU
		{AE3E7092-89E0-476E-9391-94A27BCCC426}.Release|x64.ActiveCfg = Release|Any CPU
		{AE3E7092-89E0-476E-9391-94A27BCCC426}.Release|x64.Build.0 = Release|Any CPU
		{AE3E7092-89E0-476E-9391-94A27BCCC426}.Release|x86.ActiveCfg = Release|Any CPU
		{AE3E7092-89E0-476E-9391-94A27BCCC426}.Release|x86.Build.0 = Release|Any CPU
	EndGlobalSection
	GlobalSection(SolutionProperties) = preSolution
		HideSolutionNode = FALSE
	EndGlobalSection
EndGlobal
